{
  "nodes": {
    "flake-utils": {
      "locked": {
        "lastModified": 1610051610,
        "narHash": "sha256-U9rPz/usA1/Aohhk7Cmc2gBrEEKRzcW4nwPWMPwja4Y=",
        "owner": "numtide",
        "repo": "flake-utils",
        "rev": "3982c9903e93927c2164caa727cd3f6a0e6d14cc",
        "type": "github"
      },
      "original": {
        "owner": "numtide",
        "repo": "flake-utils",
        "type": "github"
      }
    },
    "flake-utils_2": {
      "locked": {
        "lastModified": 1605370193,
        "narHash": "sha256-YyMTf3URDL/otKdKgtoMChu4vfVL3vCMkRqpGifhUn0=",
        "owner": "numtide",
        "repo": "flake-utils",
        "rev": "5021eac20303a61fafe17224c087f5519baed54d",
        "type": "github"
      },
      "original": {
        "owner": "numtide",
        "repo": "flake-utils",
        "type": "github"
      }
    },
    "nixpkgs": {
      "locked": {
        "lastModified": 1612996220,
        "narHash": "sha256-l2kzWXxL3vXr8VxUzRtORPJS0nFQ3E5kBPF/AYAK0wI=",
        "owner": "NixOS",
        "repo": "nixpkgs",
        "rev": "758b29b5a28b818e311ad540637a5c1e40867489",
        "type": "github"
      },
      "original": {
        "owner": "NixOS",
        "ref": "nixos-unstable",
        "repo": "nixpkgs",
        "type": "github"
      }
    },
    "nixpkgs_2": {
      "locked": {
        "lastModified": 1612369752,
        "narHash": "sha256-JtncDAt+qqUvdaIEpXmLXveu/AeXOPOYGDbpPoG2zgA=",
        "owner": "NixOS",
        "repo": "nixpkgs",
        "rev": "7cbec40a09533dd9c525d6ab94dddfe77768101a",
        "type": "github"
      },
      "original": {
        "owner": "NixOS",
        "ref": "nixos-unstable",
        "repo": "nixpkgs",
        "type": "github"
      }
    },
    "parsemon2": {
      "inputs": {
        "flake-utils": "flake-utils_2",
        "nixpkgs": "nixpkgs_2"
      },
      "locked": {
        "lastModified": 1613258013,
        "narHash": "sha256-3u2QCUPC9ONuddvR3tMEbblPjBL7wxwIxSaIn2xZsQQ=",
        "owner": "seppeljordan",
        "repo": "parsemon2",
        "rev": "2a5de14082183102a6a3e766d11e2bad99c3e4d7",
        "type": "github"
      },
      "original": {
        "owner": "seppeljordan",
        "repo": "parsemon2",
        "type": "github"
      }
    },
    "root": {
      "inputs": {
        "flake-utils": "flake-utils",
        "nixpkgs": "nixpkgs",
        "parsemon2": "parsemon2"
      }
    }
  },
  "root": "root",
  "version": 7
}
